
Microsoft Visual Studio Solution File, Format Version 12.00
# Visual Studio Version 16
VisualStudioVersion = 16.0.31613.86
MinimumVisualStudioVersion = 10.0.40219.1
Project("{FAE04EC0-301F-11D3-BF4B-00C04F79EFBC}") = "FizzBuzzMVC", "FizzBuzzMVC\FizzBuzzMVC.csproj", "{ED60A8CC-F17E-40DC-82C4-5FA88350AE93}"
EndProject
Global
	GlobalSection(SolutionConfigurationPlatforms) = preSolution
		Debug|Any CPU = Debug|Any CPU
		Release|Any CPU = Release|Any CPU
	EndGlobalSection
	GlobalSection(ProjectConfigurationPlatforms) = postSolution
		{ED60A8CC-F17E-40DC-82C4-5FA88350AE93}.Debug|Any CPU.ActiveCfg = Debug|Any CPU
		{ED60A8CC-F17E-40DC-82C4-5FA88350AE93}.Debug|Any CPU.Build.0 = Debug|Any CPU
		{ED60A8CC-F17E-40DC-82C4-5FA88350AE93}.Release|Any CPU.ActiveCfg = Release|Any CPU
		{ED60A8CC-F17E-40DC-82C4-5FA88350AE93}.Release|Any CPU.Build.0 = Release|Any CPU
	EndGlobalSection
	GlobalSection(SolutionProperties) = preSolution
		HideSolutionNode = FALSE
	EndGlobalSection
	GlobalSection(ExtensibilityGlobals) = postSolution
		SolutionGuid = {94FC3C18-1034-477B-A4C6-32AB9123B714}
	EndGlobalSection
EndGlobal
